
Microsoft Visual Studio Solution File, Format Version 12.00
# Visual Studio Version 17
VisualStudioVersion = 17.1.32228.430
MinimumVisualStudioVersion = 10.0.40219.1
Project("{9A19103F-16F7-4668-BE54-9A1E7A4F7556}") = "PrimeGen.API1", "PrimeGen.API\PrimeGen.API1.csproj", "{7D91B451-BC49-40C7-9D68-C3A3A84665E5}"
EndProject
Project("{9A19103F-16F7-4668-BE54-9A1E7A4F7556}") = "PrimeGen.Service", "PrimeGen.Service\PrimeGen.Service.csproj", "{7E3C5539-0AC8-4031-94E0-2396E272CA05}"
EndProject
Project("{9A19103F-16F7-4668-BE54-9A1E7A4F7556}") = "PrimeGen.ConsoleApp", "PrimeGen.ConsoleApp\PrimeGen.ConsoleApp.csproj", "{3F799CF7-ABF1-4D12-89B9-19CA30DCBA70}"
EndProject
Project("{9A19103F-16F7-4668-BE54-9A1E7A4F7556}") = "PrimeGen.API2", "PrimeGen.API2\PrimeGen.API2.csproj", "{3575F770-6E82-479D-9BF3-C788D049F467}"
EndProject
Project("{9A19103F-16F7-4668-BE54-9A1E7A4F7556}") = "PrimeGen.API3", "PrimeGen.API3\PrimeGen.API3.csproj", "{13BF5004-E427-49B9-9365-8DD9555E6225}"
EndProject
Project("{9A19103F-16F7-4668-BE54-9A1E7A4F7556}") = "PrimeGen.Loadbalancer", "PrimeGen.Loadbalancer\PrimeGen.Loadbalancer.csproj", "{20831CD7-E91A-47C5-8C43-5DF3B67FD75C}"
EndProject
Project("{FAE04EC0-301F-11D3-BF4B-00C04F79EFBC}") = "PrimeGen.SharedModels", "PrimeGen.SharedModels\PrimeGen.SharedModels.csproj", "{2638C968-22D3-455F-9972-FB6547DC12D1}"
EndProject
Global
	GlobalSection(SolutionConfigurationPlatforms) = preSolution
		Debug|Any CPU = Debug|Any CPU
		Release|Any CPU = Release|Any CPU
	EndGlobalSection
	GlobalSection(ProjectConfigurationPlatforms) = postSolution
		{7D91B451-BC49-40C7-9D68-C3A3A84665E5}.Debug|Any CPU.ActiveCfg = Debug|Any CPU
		{7D91B451-BC49-40C7-9D68-C3A3A84665E5}.Debug|Any CPU.Build.0 = Debug|Any CPU
		{7D91B451-BC49-40C7-9D68-C3A3A84665E5}.Release|Any CPU.ActiveCfg = Release|Any CPU
		{7D91B451-BC49-40C7-9D68-C3A3A84665E5}.Release|Any CPU.Build.0 = Release|Any CPU
		{7E3C5539-0AC8-4031-94E0-2396E272CA05}.Debug|Any CPU.ActiveCfg = Debug|Any CPU
		{7E3C5539-0AC8-4031-94E0-2396E272CA05}.Debug|Any CPU.Build.0 = Debug|Any CPU
		{7E3C5539-0AC8-4031-94E0-2396E272CA05}.Release|Any CPU.ActiveCfg = Release|Any CPU
		{7E3C5539-0AC8-4031-94E0-2396E272CA05}.Release|Any CPU.Build.0 = Release|Any CPU
		{3F799CF7-ABF1-4D12-89B9-19CA30DCBA70}.Debug|Any CPU.ActiveCfg = Debug|Any CPU
		{3F799CF7-ABF1-4D12-89B9-19CA30DCBA70}.Debug|Any CPU.Build.0 = Debug|Any CPU
		{3F799CF7-ABF1-4D12-89B9-19CA30DCBA70}.Release|Any CPU.ActiveCfg = Release|Any CPU
		{3F799CF7-ABF1-4D12-89B9-19CA30DCBA70}.Release|Any CPU.Build.0 = Release|Any CPU
		{3575F770-6E82-479D-9BF3-C788D049F467}.Debug|Any CPU.ActiveCfg = Debug|Any CPU
		{3575F770-6E82-479D-9BF3-C788D049F467}.Debug|Any CPU.Build.0 = Debug|Any CPU
		{3575F770-6E82-479D-9BF3-C788D049F467}.Release|Any CPU.ActiveCfg = Release|Any CPU
		{3575F770-6E82-479D-9BF3-C788D049F467}.Release|Any CPU.Build.0 = Release|Any CPU
		{13BF5004-E427-49B9-9365-8DD9555E6225}.Debug|Any CPU.ActiveCfg = Debug|Any CPU
		{13BF5004-E427-49B9-9365-8DD9555E6225}.Debug|Any CPU.Build.0 = Debug|Any CPU
		{13BF5004-E427-49B9-9365-8DD9555E6225}.Release|Any CPU.ActiveCfg = Release|Any CPU
		{13BF5004-E427-49B9-9365-8DD9555E6225}.Release|Any CPU.Build.0 = Release|Any CPU
		{20831CD7-E91A-47C5-8C43-5DF3B67FD75C}.Debug|Any CPU.ActiveCfg = Debug|Any CPU
		{20831CD7-E91A-47C5-8C43-5DF3B67FD75C}.Debug|Any CPU.Build.0 = Debug|Any CPU
		{20831CD7-E91A-47C5-8C43-5DF3B67FD75C}.Release|Any CPU.ActiveCfg = Release|Any CPU
		{20831CD7-E91A-47C5-8C43-5DF3B67FD75C}.Release|Any CPU.Build.0 = Release|Any CPU
		{2638C968-22D3-455F-9972-FB6547DC12D1}.Debug|Any CPU.ActiveCfg = Debug|Any CPU
		{2638C968-22D3-455F-9972-FB6547DC12D1}.Debug|Any CPU.Build.0 = Debug|Any CPU
		{2638C968-22D3-455F-9972-FB6547DC12D1}.Release|Any CPU.ActiveCfg = Release|Any CPU
		{2638C968-22D3-455F-9972-FB6547DC12D1}.Release|Any CPU.Build.0 = Release|Any CPU
	EndGlobalSection
	GlobalSection(SolutionProperties) = preSolution
		HideSolutionNode = FALSE
	EndGlobalSection
	GlobalSection(ExtensibilityGlobals) = postSolution
		SolutionGuid = {27DBB30E-1209-4151-8A1F-0EE3E6BFCF8F}
	EndGlobalSection
EndGlobal
